
Microsoft Visual Studio Solution File, Format Version 12.00
# Visual Studio Version 17
VisualStudioVersion = 17.9.34723.18
MinimumVisualStudioVersion = 10.0.40219.1
Project("{FAE04EC0-301F-11D3-BF4B-00C04F79EFBC}") = "TodoApi", "TodoApi\TodoApi.csproj", "{53DC7F6D-CE70-4EC5-8254-960FF582904E}"
EndProject
Global
	GlobalSection(SolutionConfigurationPlatforms) = preSolution
		Debug|Any CPU = Debug|Any CPU
		Release|Any CPU = Release|Any CPU
	EndGlobalSection
	GlobalSection(ProjectConfigurationPlatforms) = postSolution
		{53DC7F6D-CE70-4EC5-8254-960FF582904E}.Debug|Any CPU.ActiveCfg = Debug|Any CPU
		{53DC7F6D-CE70-4EC5-8254-960FF582904E}.Debug|Any CPU.Build.0 = Debug|Any CPU
		{53DC7F6D-CE70-4EC5-8254-960FF582904E}.Release|Any CPU.ActiveCfg = Release|Any CPU
		{53DC7F6D-CE70-4EC5-8254-960FF582904E}.Release|Any CPU.Build.0 = Release|Any CPU
	EndGlobalSection
	GlobalSection(SolutionProperties) = preSolution
		HideSolutionNode = FALSE
	EndGlobalSection
	GlobalSection(ExtensibilityGlobals) = postSolution
		SolutionGuid = {C92D9748-DA2E-4597-BF38-7448A6DA47D9}
	EndGlobalSection
EndGlobal
